
Microsoft Visual Studio Solution File, Format Version 12.00
# Visual Studio Version 17
VisualStudioVersion = 17.14.36518.9 d17.14
MinimumVisualStudioVersion = 10.0.40219.1
Project("{FAE04EC0-301F-11D3-BF4B-00C04F79EFBC}") = "Retro Studio", "Retro Studio\Retro Studio.csproj", "{0DAC12E5-3FDB-4284-A20E-EC630AEE7AA0}"
EndProject
Global
	GlobalSection(SolutionConfigurationPlatforms) = preSolution
		Debug|Any CPU = Debug|Any CPU
		Release|Any CPU = Release|Any CPU
	EndGlobalSection
	GlobalSection(ProjectConfigurationPlatforms) = postSolution
		{0DAC12E5-3FDB-4284-A20E-EC630AEE7AA0}.Debug|Any CPU.ActiveCfg = Debug|Any CPU
		{0DAC12E5-3FDB-4284-A20E-EC630AEE7AA0}.Debug|Any CPU.Build.0 = Debug|Any CPU
		{0DAC12E5-3FDB-4284-A20E-EC630AEE7AA0}.Release|Any CPU.ActiveCfg = Release|Any CPU
		{0DAC12E5-3FDB-4284-A20E-EC630AEE7AA0}.Release|Any CPU.Build.0 = Release|Any CPU
	EndGlobalSection
	GlobalSection(SolutionProperties) = preSolution
		HideSolutionNode = FALSE
	EndGlobalSection
	GlobalSection(ExtensibilityGlobals) = postSolution
		SolutionGuid = {02C53EC0-9B3B-47ED-9404-35F3CE0288DA}
	EndGlobalSection
EndGlobal
